// !$*UTF8*$!
{
	archiveVersion = 1;
	classes = {
	};
	objectVersion = 56;
	objects = {

/* Begin PBXBuildFile section */
		0542DFB72C08A40E002C64AA /* XDismissButton.swift in Sources */ = {isa = PBXBuildFile; fileRef = 0542DFB62C08A40E002C64AA /* XDismissButton.swift */; };
		05B43E522C078C140010926C /* ListCell.swift in Sources */ = {isa = PBXBuildFile; fileRef = 05B43E512C078C140010926C /* ListCell.swift */; };
		05B43E542C0796260010926C /* AddToDoView.swift in Sources */ = {isa = PBXBuildFile; fileRef = 05B43E532C0796260010926C /* AddToDoView.swift */; };
		05B43E562C079BDB0010926C /* EmptyState.swift in Sources */ = {isa = PBXBuildFile; fileRef = 05B43E552C079BDB0010926C /* EmptyState.swift */; };
		05B43E582C07C78C0010926C /* EditToDoView.swift in Sources */ = {isa = PBXBuildFile; fileRef = 05B43E572C07C78C0010926C /* EditToDoView.swift */; };
		05C4184F2BE8EDCB00C00DC7 /* ToDoApp.swift in Sources */ = {isa = PBXBuildFile; fileRef = 05C4184E2BE8EDCB00C00DC7 /* ToDoApp.swift */; };
		05C418512BE8EDCB00C00DC7 /* ToDoListView.swift in Sources */ = {isa = PBXBuildFile; fileRef = 05C418502BE8EDCB00C00DC7 /* ToDoListView.swift */; };
		05C418532BE8EDCB00C00DC7 /* ToDo.swift in Sources */ = {isa = PBXBuildFile; fileRef = 05C418522BE8EDCB00C00DC7 /* ToDo.swift */; };
		05C418552BE8EDCC00C00DC7 /* Assets.xcassets in Resources */ = {isa = PBXBuildFile; fileRef = 05C418542BE8EDCC00C00DC7 /* Assets.xcassets */; };
		05C418582BE8EDCC00C00DC7 /* Preview Assets.xcassets in Resources */ = {isa = PBXBuildFile; fileRef = 05C418572BE8EDCC00C00DC7 /* Preview Assets.xcassets */; };
/* End PBXBuildFile section */

/* Begin PBXFileReference section */
		0542DFB62C08A40E002C64AA /* XDismissButton.swift */ = {isa = PBXFileReference; lastKnownFileType = sourcecode.swift; path = XDismissButton.swift; sourceTree = "<group>"; };
		05B43E512C078C140010926C /* ListCell.swift */ = {isa = PBXFileReference; lastKnownFileType = sourcecode.swift; path = ListCell.swift; sourceTree = "<group>"; };
		05B43E532C0796260010926C /* AddToDoView.swift */ = {isa = PBXFileReference; lastKnownFileType = sourcecode.swift; path = AddToDoView.swift; sourceTree = "<group>"; };
		05B43E552C079BDB0010926C /* EmptyState.swift */ = {isa = PBXFileReference; lastKnownFileType = sourcecode.swift; path = EmptyState.swift; sourceTree = "<group>"; };
		05B43E572C07C78C0010926C /* EditToDoView.swift */ = {isa = PBXFileReference; lastKnownFileType = sourcecode.swift; path = EditToDoView.swift; sourceTree = "<group>"; };
		05C4184B2BE8EDCB00C00DC7 /* ToDo.app */ = {isa = PBXFileReference; explicitFileType = wrapper.application; includeInIndex = 0; path = ToDo.app; sourceTree = BUILT_PRODUCTS_DIR; };
		05C4184E2BE8EDCB00C00DC7 /* ToDoApp.swift */ = {isa = PBXFileReference; lastKnownFileType = sourcecode.swift; path = ToDoApp.swift; sourceTree = "<group>"; };
		05C418502BE8EDCB00C00DC7 /* ToDoListView.swift */ = {isa = PBXFileReference; lastKnownFileType = sourcecode.swift; path = ToDoListView.swift; sourceTree = "<group>"; };
		05C418522BE8EDCB00C00DC7 /* ToDo.swift */ = {isa = PBXFileReference; lastKnownFileType = sourcecode.swift; path = ToDo.swift; sourceTree = "<group>"; };
		05C418542BE8EDCC00C00DC7 /* Assets.xcassets */ = {isa = PBXFileReference; lastKnownFileType = folder.assetcatalog; path = Assets.xcassets; sourceTree = "<group>"; };
		05C418572BE8EDCC00C00DC7 /* Preview Assets.xcassets */ = {isa = PBXFileReference; lastKnownFileType = folder.assetcatalog; path = "Preview Assets.xcassets"; sourceTree = "<group>"; };
/* End PBXFileReference section */

/* Begin PBXFrameworksBuildPhase section */
		05C418482BE8EDCB00C00DC7 /* Frameworks */ = {
			isa = PBXFrameworksBuildPhase;
			buildActionMask = 2147483647;
			files = (
			);
			runOnlyForDeploymentPostprocessing = 0;
		};
/* End PBXFrameworksBuildPhase section */

/* Begin PBXGroup section */
		0542DFB52C08A3FF002C64AA /* Buttons */ = {
			isa = PBXGroup;
			children = (
				0542DFB62C08A40E002C64AA /* XDismissButton.swift */,
			);
			path = Buttons;
			sourceTree = "<group>";
		};
		0597793B2C08A234009B282F /* Models */ = {
			isa = PBXGroup;
			children = (
				05C418522BE8EDCB00C00DC7 /* ToDo.swift */,
			);
			path = Models;
			sourceTree = "<group>";
		};
		0597793C2C08A245009B282F /* Views */ = {
			isa = PBXGroup;
			children = (
				0597793D2C08A26A009B282F /* ToDoListView */,
				0597793F2C08A2F2009B282F /* AddToDoView */,
				059779402C08A303009B282F /* EditToDoView */,
				0597793E2C08A293009B282F /* Components */,
			);
			path = Views;
			sourceTree = "<group>";
		};
		0597793D2C08A26A009B282F /* ToDoListView */ = {
			isa = PBXGroup;
			children = (
				05C418502BE8EDCB00C00DC7 /* ToDoListView.swift */,
			);
			path = ToDoListView;
			sourceTree = "<group>";
		};
		0597793E2C08A293009B282F /* Components */ = {
			isa = PBXGroup;
			children = (
				0542DFB52C08A3FF002C64AA /* Buttons */,
				059779422C08A353009B282F /* EmptyStates */,
				059779412C08A342009B282F /* Views */,
			);
			path = Components;
			sourceTree = "<group>";
		};
		0597793F2C08A2F2009B282F /* AddToDoView */ = {
			isa = PBXGroup;
			children = (
				05B43E532C0796260010926C /* AddToDoView.swift */,
			);
			path = AddToDoView;
			sourceTree = "<group>";
		};
		059779402C08A303009B282F /* EditToDoView */ = {
			isa = PBXGroup;
			children = (
				05B43E572C07C78C0010926C /* EditToDoView.swift */,
			);
			path = EditToDoView;
			sourceTree = "<group>";
		};
		059779412C08A342009B282F /* Views */ = {
			isa = PBXGroup;
			children = (
				05B43E512C078C140010926C /* ListCell.swift */,
			);
			path = Views;
			sourceTree = "<group>";
		};
		059779422C08A353009B282F /* EmptyStates */ = {
			isa = PBXGroup;
			children = (
				05C4184E2BE8EDCB00C00DC7 /* ToDoApp.swift */,
			);
			path = EmptyStates;
			sourceTree = "<group>";
		};
		05C418422BE8EDCB00C00DC7 = {
			isa = PBXGroup;
			children = (
				05C4184D2BE8EDCB00C00DC7 /* ToDo */,
				05C4184C2BE8EDCB00C00DC7 /* Products */,
			);
			sourceTree = "<group>";
		};
		05C4184C2BE8EDCB00C00DC7 /* Products */ = {
			isa = PBXGroup;
			children = (
				05C4184B2BE8EDCB00C00DC7 /* ToDo.app */,
			);
			name = Products;
			sourceTree = "<group>";
		};
		05C4184D2BE8EDCB00C00DC7 /* ToDo */ = {
			isa = PBXGroup;
			children = (
				0597793B2C08A234009B282F /* Models */,
				0597793C2C08A245009B282F /* Views */,
				05C418562BE8EDCC00C00DC7 /* Preview Content */,
				05B43E552C079BDB0010926C /* EmptyState.swift */,
				05C418542BE8EDCC00C00DC7 /* Assets.xcassets */,
			);
			path = ToDo;
			sourceTree = "<group>";
		};
		05C418562BE8EDCC00C00DC7 /* Preview Content */ = {
			isa = PBXGroup;
			children = (
				05C418572BE8EDCC00C00DC7 /* Preview Assets.xcassets */,
			);
			path = "Preview Content";
			sourceTree = "<group>";
		};
/* End PBXGroup section */

/* Begin PBXNativeTarget section */
		05C4184A2BE8EDCB00C00DC7 /* ToDo */ = {
			isa = PBXNativeTarget;
			buildConfigurationList = 05C4185B2BE8EDCC00C00DC7 /* Build configuration list for PBXNativeTarget "ToDo" */;
			buildPhases = (
				05C418472BE8EDCB00C00DC7 /* Sources */,
				05C418482BE8EDCB00C00DC7 /* Frameworks */,
				05C418492BE8EDCB00C00DC7 /* Resources */,
			);
			buildRules = (
			);
			dependencies = (
			);
			name = ToDo;
			productName = ToDo;
			productReference = 05C4184B2BE8EDCB00C00DC7 /* ToDo.app */;
			productType = "com.apple.product-type.application";
		};
/* End PBXNativeTarget section */

/* Begin PBXProject section */
		05C418432BE8EDCB00C00DC7 /* Project object */ = {
			isa = PBXProject;
			attributes = {
				BuildIndependentTargetsInParallel = 1;
				LastSwiftUpdateCheck = 1530;
				LastUpgradeCheck = 1530;
				TargetAttributes = {
					05C4184A2BE8EDCB00C00DC7 = {
						CreatedOnToolsVersion = 15.3;
					};
				};
			};
			buildConfigurationList = 05C418462BE8EDCB00C00DC7 /* Build configuration list for PBXProject "ToDo" */;
			compatibilityVersion = "Xcode 14.0";
			developmentRegion = en;
			hasScannedForEncodings = 0;
			knownRegions = (
				en,
				Base,
			);
			mainGroup = 05C418422BE8EDCB00C00DC7;
			productRefGroup = 05C4184C2BE8EDCB00C00DC7 /* Products */;
			projectDirPath = "";
			projectRoot = "";
			targets = (
				05C4184A2BE8EDCB00C00DC7 /* ToDo */,
			);
		};
/* End PBXProject section */

/* Begin PBXResourcesBuildPhase section */
		05C418492BE8EDCB00C00DC7 /* Resources */ = {
			isa = PBXResourcesBuildPhase;
			buildActionMask = 2147483647;
			files = (
				05C418582BE8EDCC00C00DC7 /* Preview Assets.xcassets in Resources */,
				05C418552BE8EDCC00C00DC7 /* Assets.xcassets in Resources */,
			);
			runOnlyForDeploymentPostprocessing = 0;
		};
/* End PBXResourcesBuildPhase section */

/* Begin PBXSourcesBuildPhase section */
		05C418472BE8EDCB00C00DC7 /* Sources */ = {
			isa = PBXSourcesBuildPhase;
			buildActionMask = 2147483647;
			files = (
				05C418512BE8EDCB00C00DC7 /* ToDoListView.swift in Sources */,
				05B43E582C07C78C0010926C /* EditToDoView.swift in Sources */,
				05B43E542C0796260010926C /* AddToDoView.swift in Sources */,
				05B43E522C078C140010926C /* ListCell.swift in Sources */,
				05B43E562C079BDB0010926C /* EmptyState.swift in Sources */,
				05C418532BE8EDCB00C00DC7 /* ToDo.swift in Sources */,
				05C4184F2BE8EDCB00C00DC7 /* ToDoApp.swift in Sources */,
				0542DFB72C08A40E002C64AA /* XDismissButton.swift in Sources */,
			);
			runOnlyForDeploymentPostprocessing = 0;
		};
/* End PBXSourcesBuildPhase section */

/* Begin XCBuildConfiguration section */
		05C418592BE8EDCC00C00DC7 /* Debug */ = {
			isa = XCBuildConfiguration;
			buildSettings = {
				ALWAYS_SEARCH_USER_PATHS = NO;
				ASSETCATALOG_COMPILER_GENERATE_SWIFT_ASSET_SYMBOL_EXTENSIONS = YES;
				CLANG_ANALYZER_NONNULL = YES;
				CLANG_ANALYZER_NUMBER_OBJECT_CONVERSION = YES_AGGRESSIVE;
				CLANG_CXX_LANGUAGE_STANDARD = "gnu++20";
				CLANG_ENABLE_MODULES = YES;
				CLANG_ENABLE_OBJC_ARC = YES;
				CLANG_ENABLE_OBJC_WEAK = YES;
				CLANG_WARN_BLOCK_CAPTURE_AUTORELEASING = YES;
				CLANG_WARN_BOOL_CONVERSION = YES;
				CLANG_WARN_COMMA = YES;
				CLANG_WARN_CONSTANT_CONVERSION = YES;
				CLANG_WARN_DEPRECATED_OBJC_IMPLEMENTATIONS = YES;
				CLANG_WARN_DIRECT_OBJC_ISA_USAGE = YES_ERROR;
				CLANG_WARN_DOCUMENTATION_COMMENTS = YES;
				CLANG_WARN_EMPTY_BODY = YES;
				CLANG_WARN_ENUM_CONVERSION = YES;
				CLANG_WARN_INFINITE_RECURSION = YES;
				CLANG_WARN_INT_CONVERSION = YES;
				CLANG_WARN_NON_LITERAL_NULL_CONVERSION = YES;
				CLANG_WARN_OBJC_IMPLICIT_RETAIN_SELF = YES;
				CLANG_WARN_OBJC_LITERAL_CONVERSION = YES;
				CLANG_WARN_OBJC_ROOT_CLASS = YES_ERROR;
				CLANG_WARN_QUOTED_INCLUDE_IN_FRAMEWORK_HEADER = YES;
				CLANG_WARN_RANGE_LOOP_ANALYSIS = YES;
				CLANG_WARN_STRICT_PROTOTYPES = YES;
				CLANG_WARN_SUSPICIOUS_MOVE = YES;
				CLANG_WARN_UNGUARDED_AVAILABILITY = YES_AGGRESSIVE;
				CLANG_WARN_UNREACHABLE_CODE = YES;
				CLANG_WARN__DUPLICATE_METHOD_MATCH = YES;
				COPY_PHASE_STRIP = NO;
				DEBUG_INFORMATION_FORMAT = dwarf;
				ENABLE_STRICT_OBJC_MSGSEND = YES;
				ENABLE_TESTABILITY = YES;
				ENABLE_USER_SCRIPT_SANDBOXING = YES;
				GCC_C_LANGUAGE_STANDARD = gnu17;
				GCC_DYNAMIC_NO_PIC = NO;
				GCC_NO_COMMON_BLOCKS = YES;
				GCC_OPTIMIZATION_LEVEL = 0;
				GCC_PREPROCESSOR_DEFINITIONS = (
					"DEBUG=1",
					"$(inherited)",
				);
				GCC_WARN_64_TO_32_BIT_CONVERSION = YES;
				GCC_WARN_ABOUT_RETURN_TYPE = YES_ERROR;
				GCC_WARN_UNDECLARED_SELECTOR = YES;
				GCC_WARN_UNINITIALIZED_AUTOS = YES_AGGRESSIVE;
				GCC_WARN_UNUSED_FUNCTION = YES;
				GCC_WARN_UNUSED_VARIABLE = YES;
				IPHONEOS_DEPLOYMENT_TARGET = 17.4;
				LOCALIZATION_PREFERS_STRING_CATALOGS = YES;
				MTL_ENABLE_DEBUG_INFO = INCLUDE_SOURCE;
				MTL_FAST_MATH = YES;
				ONLY_ACTIVE_ARCH = YES;
				SDKROOT = iphoneos;
				SWIFT_ACTIVE_COMPILATION_CONDITIONS = "DEBUG $(inherited)";
				SWIFT_OPTIMIZATION_LEVEL = "-Onone";
			};
			name = Debug;
		};
		05C4185A2BE8EDCC00C00DC7 /* Release */ = {
			isa = XCBuildConfiguration;
			buildSettings = {
				ALWAYS_SEARCH_USER_PATHS = NO;
				ASSETCATALOG_COMPILER_GENERATE_SWIFT_ASSET_SYMBOL_EXTENSIONS = YES;
				CLANG_ANALYZER_NONNULL = YES;
				CLANG_ANALYZER_NUMBER_OBJECT_CONVERSION = YES_AGGRESSIVE;
				CLANG_CXX_LANGUAGE_STANDARD = "gnu++20";
				CLANG_ENABLE_MODULES = YES;
				CLANG_ENABLE_OBJC_ARC = YES;
				CLANG_ENABLE_OBJC_WEAK = YES;
				CLANG_WARN_BLOCK_CAPTURE_AUTORELEASING = YES;
				CLANG_WARN_BOOL_CONVERSION = YES;
				CLANG_WARN_COMMA = YES;
				CLANG_WARN_CONSTANT_CONVERSION = YES;
				CLANG_WARN_DEPRECATED_OBJC_IMPLEMENTATIONS = YES;
				CLANG_WARN_DIRECT_OBJC_ISA_USAGE = YES_ERROR;
				CLANG_WARN_DOCUMENTATION_COMMENTS = YES;
				CLANG_WARN_EMPTY_BODY = YES;
				CLANG_WARN_ENUM_CONVERSION = YES;
				CLANG_WARN_INFINITE_RECURSION = YES;
				CLANG_WARN_INT_CONVERSION = YES;
				CLANG_WARN_NON_LITERAL_NULL_CONVERSION = YES;
				CLANG_WARN_OBJC_IMPLICIT_RETAIN_SELF = YES;
				CLANG_WARN_OBJC_LITERAL_CONVERSION = YES;
				CLANG_WARN_OBJC_ROOT_CLASS = YES_ERROR;
				CLANG_WARN_QUOTED_INCLUDE_IN_FRAMEWORK_HEADER = YES;
				CLANG_WARN_RANGE_LOOP_ANALYSIS = YES;
				CLANG_WARN_STRICT_PROTOTYPES = YES;
				CLANG_WARN_SUSPICIOUS_MOVE = YES;
				CLANG_WARN_UNGUARDED_AVAILABILITY = YES_AGGRESSIVE;
				CLANG_WARN_UNREACHABLE_CODE = YES;
				CLANG_WARN__DUPLICATE_METHOD_MATCH = YES;
				COPY_PHASE_STRIP = NO;
				DEBUG_INFORMATION_FORMAT = "dwarf-with-dsym";
				ENABLE_NS_ASSERTIONS = NO;
				ENABLE_STRICT_OBJC_MSGSEND = YES;
				ENABLE_USER_SCRIPT_SANDBOXING = YES;
				GCC_C_LANGUAGE_STANDARD = gnu17;
				GCC_NO_COMMON_BLOCKS = YES;
				GCC_WARN_64_TO_32_BIT_CONVERSION = YES;
				GCC_WARN_ABOUT_RETURN_TYPE = YES_ERROR;
				GCC_WARN_UNDECLARED_SELECTOR = YES;
				GCC_WARN_UNINITIALIZED_AUTOS = YES_AGGRESSIVE;
				GCC_WARN_UNUSED_FUNCTION = YES;
				GCC_WARN_UNUSED_VARIABLE = YES;
				IPHONEOS_DEPLOYMENT_TARGET = 17.4;
				LOCALIZATION_PREFERS_STRING_CATALOGS = YES;
				MTL_ENABLE_DEBUG_INFO = NO;
				MTL_FAST_MATH = YES;
				SDKROOT = iphoneos;
				SWIFT_COMPILATION_MODE = wholemodule;
				VALIDATE_PRODUCT = YES;
			};
			name = Release;
		};
		05C4185C2BE8EDCC00C00DC7 /* Debug */ = {
			isa = XCBuildConfiguration;
			buildSettings = {
				ASSETCATALOG_COMPILER_APPICON_NAME = AppIcon;
				ASSETCATALOG_COMPILER_GLOBAL_ACCENT_COLOR_NAME = AccentColor;
				CODE_SIGN_STYLE = Automatic;
				CURRENT_PROJECT_VERSION = 1;
				DEVELOPMENT_ASSET_PATHS = "\"ToDo/Preview Content\"";
				DEVELOPMENT_TEAM = 7Y6PV58YMX;
				ENABLE_PREVIEWS = YES;
				GENERATE_INFOPLIST_FILE = YES;
				INFOPLIST_KEY_UIApplicationSceneManifest_Generation = YES;
				INFOPLIST_KEY_UIApplicationSupportsIndirectInputEvents = YES;
				INFOPLIST_KEY_UILaunchScreen_Generation = YES;
				INFOPLIST_KEY_UISupportedInterfaceOrientations_iPad = "UIInterfaceOrientationPortrait UIInterfaceOrientationPortraitUpsideDown UIInterfaceOrientationLandscapeLeft UIInterfaceOrientationLandscapeRight";
				INFOPLIST_KEY_UISupportedInterfaceOrientations_iPhone = "UIInterfaceOrientationPortrait UIInterfaceOrientationLandscapeLeft UIInterfaceOrientationLandscapeRight";
				LD_RUNPATH_SEARCH_PATHS = (
					"$(inherited)",
					"@executable_path/Frameworks",
				);
				MARKETING_VERSION = 1.0;
				PRODUCT_BUNDLE_IDENTIFIER = ivandzz.ToDo;
				PRODUCT_NAME = "$(TARGET_NAME)";
				SWIFT_EMIT_LOC_STRINGS = YES;
				SWIFT_VERSION = 5.0;
				TARGETED_DEVICE_FAMILY = "1,2";
			};
			name = Debug;
		};
		05C4185D2BE8EDCC00C00DC7 /* Release */ = {
			isa = XCBuildConfiguration;
			buildSettings = {
				ASSETCATALOG_COMPILER_APPICON_NAME = AppIcon;
				ASSETCATALOG_COMPILER_GLOBAL_ACCENT_COLOR_NAME = AccentColor;
				CODE_SIGN_STYLE = Automatic;
				CURRENT_PROJECT_VERSION = 1;
				DEVELOPMENT_ASSET_PATHS = "\"ToDo/Preview Content\"";
				DEVELOPMENT_TEAM = 7Y6PV58YMX;
				ENABLE_PREVIEWS = YES;
				GENERATE_INFOPLIST_FILE = YES;
				INFOPLIST_KEY_UIApplicationSceneManifest_Generation = YES;
				INFOPLIST_KEY_UIApplicationSupportsIndirectInputEvents = YES;
				INFOPLIST_KEY_UILaunchScreen_Generation = YES;
				INFOPLIST_KEY_UISupportedInterfaceOrientations_iPad = "UIInterfaceOrientationPortrait UIInterfaceOrientationPortraitUpsideDown UIInterfaceOrientationLandscapeLeft UIInterfaceOrientationLandscapeRight";
				INFOPLIST_KEY_UISupportedInterfaceOrientations_iPhone = "UIInterfaceOrientationPortrait UIInterfaceOrientationLandscapeLeft UIInterfaceOrientationLandscapeRight";
				LD_RUNPATH_SEARCH_PATHS = (
					"$(inherited)",
					"@executable_path/Frameworks",
				);
				MARKETING_VERSION = 1.0;
				PRODUCT_BUNDLE_IDENTIFIER = ivandzz.ToDo;
				PRODUCT_NAME = "$(TARGET_NAME)";
				SWIFT_EMIT_LOC_STRINGS = YES;
				SWIFT_VERSION = 5.0;
				TARGETED_DEVICE_FAMILY = "1,2";
			};
			name = Release;
		};
/* End XCBuildConfiguration section */

/* Begin XCConfigurationList section */
		05C418462BE8EDCB00C00DC7 /* Build configuration list for PBXProject "ToDo" */ = {
			isa = XCConfigurationList;
			buildConfigurations = (
				05C418592BE8EDCC00C00DC7 /* Debug */,
				05C4185A2BE8EDCC00C00DC7 /* Release */,
			);
			defaultConfigurationIsVisible = 0;
			defaultConfigurationName = Release;
		};
		05C4185B2BE8EDCC00C00DC7 /* Build configuration list for PBXNativeTarget "ToDo" */ = {
			isa = XCConfigurationList;
			buildConfigurations = (
				05C4185C2BE8EDCC00C00DC7 /* Debug */,
				05C4185D2BE8EDCC00C00DC7 /* Release */,
			);
			defaultConfigurationIsVisible = 0;
			defaultConfigurationName = Release;
		};
/* End XCConfigurationList section */
	};
	rootObject = 05C418432BE8EDCB00C00DC7 /* Project object */;
}
